// !$*UTF8*$!
{
	archiveVersion = 1;
	classes = {
	};
	objectVersion = 46;
	objects = {

/* Begin PBXBuildFile section */
		001A9D528B28F3A8D1008BB6 /* EosTcp.cpp in Sources */ = {isa = PBXBuildFile; fileRef = 99F89B0E5343FC7A1A1ADCB1 /* EosTcp.cpp */; };
		07F718B6394D832A70BE69EE /* ofxTCPManager.cpp in Sources */ = {isa = PBXBuildFile; fileRef = 2AF0990F723601D26E036DFA /* ofxTCPManager.cpp */; };
		0A66D4D0B483A5E52210F62A /* tinyxmlparser.cpp in Sources */ = {isa = PBXBuildFile; fileRef = 2CE34E8BE57474F1434A9629 /* tinyxmlparser.cpp */; };
		0AD96B876FC4F69F392753CC /* EosUdp.cpp in Sources */ = {isa = PBXBuildFile; fileRef = C8C2536FEE8C93917EB42B5E /* EosUdp.cpp */; };
		0DB844C3B7A3251D02533E9D /* B_shutterPage.mm in Sources */ = {isa = PBXBuildFile; fileRef = A9F52505206AE3D7C7784917 /* B_shutterPage.mm */; };
		0DE958A88392734A4E08CC3C /* A_ofApp.mm in Sources */ = {isa = PBXBuildFile; fileRef = 5E353422425A9FFCD12CF74E /* A_ofApp.mm */; };
		131F1CB88600F8AE1A0C70C6 /* EosSyncLib.cpp in Sources */ = {isa = PBXBuildFile; fileRef = A91185ACF7EEBC858CD2E7AF /* EosSyncLib.cpp */; };
		1D60589F0D05DD5A006BFB54 /* Foundation.framework in Frameworks */ = {isa = PBXBuildFile; fileRef = 1D30AB110D05D00D00671497 /* Foundation.framework */; };
		1DF5F4E00D08C38300B7A737 /* UIKit.framework in Frameworks */ = {isa = PBXBuildFile; fileRef = 1DF5F4DF0D08C38300B7A737 /* UIKit.framework */; };
		2424D604A97746C5BA814CAF /* EosTcp_Mac.cpp in Sources */ = {isa = PBXBuildFile; fileRef = C1101A6EC957CA6F1217D8C2 /* EosTcp_Mac.cpp */; };
		288765FD0DF74451002DB57D /* CoreGraphics.framework in Frameworks */ = {isa = PBXBuildFile; fileRef = 288765FC0DF74451002DB57D /* CoreGraphics.framework */; };
		4CE388AB67519EA11D3E6CAD /* A_osc_out.mm in Sources */ = {isa = PBXBuildFile; fileRef = C7381AB201D0BC40BF9F7F72 /* A_osc_out.mm */; };
		5326AEA810A23A0500278DE6 /* CoreLocation.framework in Frameworks */ = {isa = PBXBuildFile; fileRef = 5326AEA710A23A0500278DE6 /* CoreLocation.framework */; };
		53F323EB10A20EDB00E0DAE4 /* OpenAL.framework in Frameworks */ = {isa = PBXBuildFile; fileRef = 53F323EA10A20EDB00E0DAE4 /* OpenAL.framework */; };
		55CFC13EC55E35345488CA2F /* ofxXmlSettings.cpp in Sources */ = {isa = PBXBuildFile; fileRef = DF3D8F1BBE94E1E01AB4D6A9 /* ofxXmlSettings.cpp */; };
		5AEF6D83B3D140B97B8C23F4 /* C_keyboard.mm in Sources */ = {isa = PBXBuildFile; fileRef = AB8A44955139670BD49EF55D /* C_keyboard.mm */; };
		67DFA53619F92A69003B3434 /* Accelerate.framework in Frameworks */ = {isa = PBXBuildFile; fileRef = 67DFA53419F92A5E003B3434 /* Accelerate.framework */; };
		758F42B79CFB7DF1EBD6A0EC /* tinyxml.cpp in Sources */ = {isa = PBXBuildFile; fileRef = 4DC25AF659AA424DD84AC077 /* tinyxml.cpp */; };
		79F9887B3A10E1FA2015F2F8 /* EosOsc.cpp in Sources */ = {isa = PBXBuildFile; fileRef = 6236E2FA909BF7D9C00D5A19 /* EosOsc.cpp */; };
		8E57E2346BA4C4EC4CBB75C6 /* EosUdp_Mac.cpp in Sources */ = {isa = PBXBuildFile; fileRef = 9EF6768D8BCE94BC5F04813F /* EosUdp_Mac.cpp */; };
		8F0BB1975CB77BC04BEA743E /* B_settingsPage.mm in Sources */ = {isa = PBXBuildFile; fileRef = 8597ADE367216AE6A17551C2 /* B_settingsPage.mm */; };
		8F3564A366BEC7654169DFCB /* D_button.mm in Sources */ = {isa = PBXBuildFile; fileRef = 85ED3E2745DDDE9E9142BCFD /* D_button.mm */; };
		9936F6101BFA4DEE00891288 /* Images.xcassets in Resources */ = {isa = PBXBuildFile; fileRef = 9936F60F1BFA4DEE00891288 /* Images.xcassets */; };
		9936F6121BFA65F100891288 /* LaunchScreen.storyboard in Resources */ = {isa = PBXBuildFile; fileRef = 9936F6111BFA65F100891288 /* LaunchScreen.storyboard */; };
		9969E7561C782C4500DEF0F6 /* CoreMotion.framework in Frameworks */ = {isa = PBXBuildFile; fileRef = 9969E7551C782C4500DEF0F6 /* CoreMotion.framework */; };
		9FED873046E1AB0EC48E077B /* B_topbar.mm in Sources */ = {isa = PBXBuildFile; fileRef = 6BA9B32280F7667754A48C97 /* B_topbar.mm */; };
		A342715B475F0386C05B9C0B /* ofxUDPManager.cpp in Sources */ = {isa = PBXBuildFile; fileRef = 862E249EDB98314485F41FB8 /* ofxUDPManager.cpp */; };
		A4749E3C1C32FAAF210F283F /* EosTimer.cpp in Sources */ = {isa = PBXBuildFile; fileRef = 27A141CEE1DD6CE535EF23C3 /* EosTimer.cpp */; };
		A652B8C8B9A327D67401C847 /* E_shutterHandles.mm in Sources */ = {isa = PBXBuildFile; fileRef = C252BED9124115F26C0C8B70 /* E_shutterHandles.mm */; };
		AA336672E80CBBFCAAD5CFC1 /* B_directSelectPage.mm in Sources */ = {isa = PBXBuildFile; fileRef = 99C73447A868904A5D281326 /* B_directSelectPage.mm */; };
		AAACB8FDECB13FD0DE78318C /* EosLog.cpp in Sources */ = {isa = PBXBuildFile; fileRef = B094CB7B81BD45A76287D678 /* EosLog.cpp */; };
		AEA2BE8D22DDBDC82404E880 /* A_osc_connection.mm in Sources */ = {isa = PBXBuildFile; fileRef = 1A3EFBF3857E14C41106A982 /* A_osc_connection.mm */; };
		B490433952DD772FE0CAA5F2 /* D_bank.mm in Sources */ = {isa = PBXBuildFile; fileRef = 6925EA105101873F4EA5D44B /* D_bank.mm */; };
		B73A18F324EF2C3400A74C61 /* README.md in Resources */ = {isa = PBXBuildFile; fileRef = B73A18F224EF2C3400A74C61 /* README.md */; };
		B73A18F524EF3CE600A74C61 /* B_imagePage.mm in Sources */ = {isa = PBXBuildFile; fileRef = B73A18F424EF3CE600A74C61 /* B_imagePage.mm */; };
		B7EEEB0224EF098300062D20 /* Metal.framework in Frameworks */ = {isa = PBXBuildFile; fileRef = B7EEEB0124EF098300062D20 /* Metal.framework */; };
		B7EEEB0424EF098900062D20 /* MetalKit.framework in Frameworks */ = {isa = PBXBuildFile; fileRef = B7EEEB0324EF098900062D20 /* MetalKit.framework */; };
		BB16EBD90F2B2AB500518274 /* QuartzCore.framework in Frameworks */ = {isa = PBXBuildFile; fileRef = BB16EBD80F2B2AB500518274 /* QuartzCore.framework */; };
		BBE5EAB80F49AD8400F28951 /* AudioToolbox.framework in Frameworks */ = {isa = PBXBuildFile; fileRef = BBE5EAB70F49AD8400F28951 /* AudioToolbox.framework */; };
		C438CCD58D705B0B06547E24 /* ofxEosOscMsg.cpp in Sources */ = {isa = PBXBuildFile; fileRef = CD4C54E1D1DF33A1676C93BA /* ofxEosOscMsg.cpp */; };
		C4A64ADDC3B0AD7FF672473A /* A_osc_In.mm in Sources */ = {isa = PBXBuildFile; fileRef = 6C8D682A20C349EC1D8CED33 /* A_osc_In.mm */; };
		C6CBE0E70E49C8A2DE62A09A /* D_encoder.mm in Sources */ = {isa = PBXBuildFile; fileRef = 010D69567EF2AD12D0092495 /* D_encoder.mm */; };
		CAD6015E57B0371A45A0396B /* B_panTiltPage.mm in Sources */ = {isa = PBXBuildFile; fileRef = 2F482A352B13D096C62BF6EE /* B_panTiltPage.mm */; };
		DB14E7C3518042C21F7A6A3F /* OSCParser.cpp in Sources */ = {isa = PBXBuildFile; fileRef = 2FE02720365B094027724A4A /* OSCParser.cpp */; };
		DFFBE626E2E29BC1925D3BF5 /* B_encoderPage.mm in Sources */ = {isa = PBXBuildFile; fileRef = 800D966D23EA9F0C7784791B /* B_encoderPage.mm */; };
		E19A0560EFB10F2218498F33 /* ofxNetworkUtils.cpp in Sources */ = {isa = PBXBuildFile; fileRef = E5134562E594CA13E785CFAA /* ofxNetworkUtils.cpp */; };
		E41D400B13B39D2100A75A5D /* AVFoundation.framework in Frameworks */ = {isa = PBXBuildFile; fileRef = E41D400613B39D2100A75A5D /* AVFoundation.framework */; };
		E41D400C13B39D2100A75A5D /* CoreMedia.framework in Frameworks */ = {isa = PBXBuildFile; fileRef = E41D400713B39D2100A75A5D /* CoreMedia.framework */; };
		E41D400D13B39D2100A75A5D /* CoreVideo.framework in Frameworks */ = {isa = PBXBuildFile; fileRef = E41D400813B39D2100A75A5D /* CoreVideo.framework */; };
		E41D400E13B39D2100A75A5D /* MapKit.framework in Frameworks */ = {isa = PBXBuildFile; fileRef = E41D400913B39D2100A75A5D /* MapKit.framework */; };
		E4D8936E11527B74007E1F53 /* main.mm in Sources */ = {isa = PBXBuildFile; fileRef = E4D8936B11527B74007E1F53 /* main.mm */; };
		EB21108D8C1B284A6FCBCE34 /* ofxTCPClient.cpp in Sources */ = {isa = PBXBuildFile; fileRef = D7C91BE126B55E062CC45EB0 /* ofxTCPClient.cpp */; };
		EC8921C6969C6E5E2DF78835 /* tinyxmlerror.cpp in Sources */ = {isa = PBXBuildFile; fileRef = CC3D230AD14F00ACD7B695E5 /* tinyxmlerror.cpp */; };
		F014194FED5BDAEB1C8360DC /* A_utility.mm in Sources */ = {isa = PBXBuildFile; fileRef = 9393CF00635663494B9E1756 /* A_utility.mm */; };
		F27FCE2A2F815DBBBA3F1AE2 /* ofxEosSync.cpp in Sources */ = {isa = PBXBuildFile; fileRef = E646038EB5AF93C4D10CF096 /* ofxEosSync.cpp */; };
		F87D37FFAF66B9D4AB68FB32 /* ofxTCPServer.cpp in Sources */ = {isa = PBXBuildFile; fileRef = 1D58208086BCE49D28AD5759 /* ofxTCPServer.cpp */; };
		FAA1D577EFD2C63915092A18 /* A_style.mm in Sources */ = {isa = PBXBuildFile; fileRef = 4D374B61CCF9AD7C9A835ECE /* A_style.mm */; };
/* End PBXBuildFile section */

/* Begin PBXContainerItemProxy section */
		E41D410113B3A0D800A75A5D /* PBXContainerItemProxy */ = {
			isa = PBXContainerItemProxy;
			containerPortal = E41D40FD13B3A0D800A75A5D /* iOS+OFLib.xcodeproj */;
			proxyType = 2;
			remoteGlobalIDString = BB24DED610DA7A3F00E9C588;
			remoteInfo = "iPhone+OF Static Library";
		};
		E41D410313B3A11300A75A5D /* PBXContainerItemProxy */ = {
			isa = PBXContainerItemProxy;
			containerPortal = E41D40FD13B3A0D800A75A5D /* iOS+OFLib.xcodeproj */;
			proxyType = 1;
			remoteGlobalIDString = BB24DE5C10DA7A3F00E9C588;
			remoteInfo = "iPhone+OF Static Library";
		};
/* End PBXContainerItemProxy section */

/* Begin PBXFileReference section */
		010D69567EF2AD12D0092495 /* D_encoder.mm */ = {isa = PBXFileReference; explicitFileType = sourcecode.cpp.objcpp; fileEncoding = 4; name = D_encoder.mm; path = src/D_BUTTON/D_encoder.mm; sourceTree = SOURCE_ROOT; };
		04625131F5EAA5E4D04AD644 /* EosLog.h */ = {isa = PBXFileReference; explicitFileType = sourcecode.c.h; fileEncoding = 4; name = EosLog.h; path = ../../OpenFrameworks/v0.11.0_IOS/addons/ofxEtcTcpOsc/libs/EosSyncLib/include/EosLog.h; sourceTree = SOURCE_ROOT; };
		0484D6DFB619B21F34809E57 /* D_bank.h */ = {isa = PBXFileReference; explicitFileType = sourcecode.c.h; fileEncoding = 4; name = D_bank.h; path = src/D_BUTTON/D_bank.h; sourceTree = SOURCE_ROOT; };
		1A3EFBF3857E14C41106A982 /* A_osc_connection.mm */ = {isa = PBXFileReference; explicitFileType = sourcecode.cpp.objcpp; fileEncoding = 4; name = A_osc_connection.mm; path = src/O_OSC/A_osc_connection.mm; sourceTree = SOURCE_ROOT; };
		1D30AB110D05D00D00671497 /* Foundation.framework */ = {isa = PBXFileReference; lastKnownFileType = wrapper.framework; name = Foundation.framework; path = System/Library/Frameworks/Foundation.framework; sourceTree = SDKROOT; };
		1D58208086BCE49D28AD5759 /* ofxTCPServer.cpp */ = {isa = PBXFileReference; explicitFileType = sourcecode.cpp.cpp; fileEncoding = 4; name = ofxTCPServer.cpp; path = ../../OpenFrameworks/v0.11.0_IOS/addons/ofxNetwork/src/ofxTCPServer.cpp; sourceTree = SOURCE_ROOT; };
		1D6058910D05DD3D006BFB54 /* Shutter Cut OSC.app */ = {isa = PBXFileReference; explicitFileType = wrapper.application; includeInIndex = 0; path = "Shutter Cut OSC.app"; sourceTree = BUILT_PRODUCTS_DIR; };
		1DF5F4DF0D08C38300B7A737 /* UIKit.framework */ = {isa = PBXFileReference; lastKnownFileType = wrapper.framework; name = UIKit.framework; path = System/Library/Frameworks/UIKit.framework; sourceTree = SDKROOT; };
		251D8EC9E0546A63D9E83A47 /* ofxNetwork.h */ = {isa = PBXFileReference; explicitFileType = sourcecode.c.h; fileEncoding = 4; name = ofxNetwork.h; path = ../../OpenFrameworks/v0.11.0_IOS/addons/ofxNetwork/src/ofxNetwork.h; sourceTree = SOURCE_ROOT; };
		266C4088CF973BBF10364BBE /* EosTcp_Mac.h */ = {isa = PBXFileReference; explicitFileType = sourcecode.c.h; fileEncoding = 4; name = EosTcp_Mac.h; path = ../../OpenFrameworks/v0.11.0_IOS/addons/ofxEtcTcpOsc/libs/EosSyncLib/include/EosTcp_Mac.h; sourceTree = SOURCE_ROOT; };
		27A141CEE1DD6CE535EF23C3 /* EosTimer.cpp */ = {isa = PBXFileReference; explicitFileType = sourcecode.cpp.cpp; fileEncoding = 4; name = EosTimer.cpp; path = ../../OpenFrameworks/v0.11.0_IOS/addons/ofxEtcTcpOsc/libs/EosSyncLib/src/EosTimer.cpp; sourceTree = SOURCE_ROOT; };
		27B58CE3215416B8D237501A /* E_shutterButtons.h */ = {isa = PBXFileReference; explicitFileType = sourcecode.c.h; fileEncoding = 4; name = E_shutterButtons.h; path = src/E_SHUTTERS/E_shutterButtons.h; sourceTree = SOURCE_ROOT; };
		288765FC0DF74451002DB57D /* CoreGraphics.framework */ = {isa = PBXFileReference; lastKnownFileType = wrapper.framework; name = CoreGraphics.framework; path = System/Library/Frameworks/CoreGraphics.framework; sourceTree = SDKROOT; };
		2AF0990F723601D26E036DFA /* ofxTCPManager.cpp */ = {isa = PBXFileReference; explicitFileType = sourcecode.cpp.cpp; fileEncoding = 4; name = ofxTCPManager.cpp; path = ../../OpenFrameworks/v0.11.0_IOS/addons/ofxNetwork/src/ofxTCPManager.cpp; sourceTree = SOURCE_ROOT; };
		2CE34E8BE57474F1434A9629 /* tinyxmlparser.cpp */ = {isa = PBXFileReference; explicitFileType = sourcecode.cpp.cpp; fileEncoding = 4; name = tinyxmlparser.cpp; path = ../../OpenFrameworks/v0.11.0_IOS/addons/ofxXmlSettings/libs/tinyxmlparser.cpp; sourceTree = SOURCE_ROOT; };
		2F482A352B13D096C62BF6EE /* B_panTiltPage.mm */ = {isa = PBXFileReference; explicitFileType = sourcecode.cpp.objcpp; fileEncoding = 4; name = B_panTiltPage.mm; path = src/B_GUI/B_panTiltPage.mm; sourceTree = SOURCE_ROOT; };
		2FE02720365B094027724A4A /* OSCParser.cpp */ = {isa = PBXFileReference; explicitFileType = sourcecode.cpp.cpp; fileEncoding = 4; name = OSCParser.cpp; path = ../../OpenFrameworks/v0.11.0_IOS/addons/ofxEtcTcpOsc/libs/EosSyncLib/src/OSCParser.cpp; sourceTree = SOURCE_ROOT; };
		32CA4F630368D1EE00C91783 /* ofxiOS_Prefix.pch */ = {isa = PBXFileReference; fileEncoding = 4; lastKnownFileType = sourcecode.c.h; path = ofxiOS_Prefix.pch; sourceTree = "<group>"; };
		49DB05300EDD9223BDCC58B3 /* ofxTCPClient.h */ = {isa = PBXFileReference; explicitFileType = sourcecode.c.h; fileEncoding = 4; name = ofxTCPClient.h; path = ../../OpenFrameworks/v0.11.0_IOS/addons/ofxNetwork/src/ofxTCPClient.h; sourceTree = SOURCE_ROOT; };
		4C4A2F787ABB0964ABDB6C81 /* C_keyboard.h */ = {isa = PBXFileReference; explicitFileType = sourcecode.c.h; fileEncoding = 4; name = C_keyboard.h; path = src/C_KEYBOARD/C_keyboard.h; sourceTree = SOURCE_ROOT; };
		4D374B61CCF9AD7C9A835ECE /* A_style.mm */ = {isa = PBXFileReference; explicitFileType = sourcecode.cpp.objcpp; fileEncoding = 4; name = A_style.mm; path = src/0_Globals/A_style.mm; sourceTree = SOURCE_ROOT; };
		4DC25AF659AA424DD84AC077 /* tinyxml.cpp */ = {isa = PBXFileReference; explicitFileType = sourcecode.cpp.cpp; fileEncoding = 4; name = tinyxml.cpp; path = ../../OpenFrameworks/v0.11.0_IOS/addons/ofxXmlSettings/libs/tinyxml.cpp; sourceTree = SOURCE_ROOT; };
		5326AEA710A23A0500278DE6 /* CoreLocation.framework */ = {isa = PBXFileReference; lastKnownFileType = wrapper.framework; name = CoreLocation.framework; path = System/Library/Frameworks/CoreLocation.framework; sourceTree = SDKROOT; };
		53F323EA10A20EDB00E0DAE4 /* OpenAL.framework */ = {isa = PBXFileReference; lastKnownFileType = wrapper.framework; name = OpenAL.framework; path = System/Library/Frameworks/OpenAL.framework; sourceTree = SDKROOT; };
		5C947D7007F97F7668FB3100 /* A0_globals.h */ = {isa = PBXFileReference; explicitFileType = sourcecode.c.h; fileEncoding = 4; name = A0_globals.h; path = src/0_Globals/A0_globals.h; sourceTree = SOURCE_ROOT; };
		5DD55A2B4281B835AB489430 /* ofxNetworkUtils.h */ = {isa = PBXFileReference; explicitFileType = sourcecode.c.h; fileEncoding = 4; name = ofxNetworkUtils.h; path = ../../OpenFrameworks/v0.11.0_IOS/addons/ofxNetwork/src/ofxNetworkUtils.h; sourceTree = SOURCE_ROOT; };
		5E353422425A9FFCD12CF74E /* A_ofApp.mm */ = {isa = PBXFileReference; explicitFileType = sourcecode.cpp.objcpp; fileEncoding = 4; name = A_ofApp.mm; path = src/A_MAIN/A_ofApp.mm; sourceTree = SOURCE_ROOT; };
		5F5596496ED691DD1A90EB1C /* D_encoder.h */ = {isa = PBXFileReference; explicitFileType = sourcecode.c.h; fileEncoding = 4; name = D_encoder.h; path = src/D_BUTTON/D_encoder.h; sourceTree = SOURCE_ROOT; };
		61B28EBDBECBF302D1F5DB23 /* ofxTCPManager.h */ = {isa = PBXFileReference; explicitFileType = sourcecode.c.h; fileEncoding = 4; name = ofxTCPManager.h; path = ../../OpenFrameworks/v0.11.0_IOS/addons/ofxNetwork/src/ofxTCPManager.h; sourceTree = SOURCE_ROOT; };
		6236E2FA909BF7D9C00D5A19 /* EosOsc.cpp */ = {isa = PBXFileReference; explicitFileType = sourcecode.cpp.cpp; fileEncoding = 4; name = EosOsc.cpp; path = ../../OpenFrameworks/v0.11.0_IOS/addons/ofxEtcTcpOsc/libs/EosSyncLib/src/EosOsc.cpp; sourceTree = SOURCE_ROOT; };
		64A80C9BFB845462EA5FB047 /* E_shutterHandles.h */ = {isa = PBXFileReference; explicitFileType = sourcecode.c.h; fileEncoding = 4; name = E_shutterHandles.h; path = src/E_SHUTTERS/E_shutterHandles.h; sourceTree = SOURCE_ROOT; };
		67DFA53419F92A5E003B3434 /* Accelerate.framework */ = {isa = PBXFileReference; lastKnownFileType = wrapper.framework; name = Accelerate.framework; path = System/Library/Frameworks/Accelerate.framework; sourceTree = SDKROOT; };
		6925EA105101873F4EA5D44B /* D_bank.mm */ = {isa = PBXFileReference; explicitFileType = sourcecode.cpp.objcpp; fileEncoding = 4; name = D_bank.mm; path = src/D_BUTTON/D_bank.mm; sourceTree = SOURCE_ROOT; };
		6A7C0D74505EAF9FFFE9A51F /* ofxTCPServer.h */ = {isa = PBXFileReference; explicitFileType = sourcecode.c.h; fileEncoding = 4; name = ofxTCPServer.h; path = ../../OpenFrameworks/v0.11.0_IOS/addons/ofxNetwork/src/ofxTCPServer.h; sourceTree = SOURCE_ROOT; };
		6BA9B32280F7667754A48C97 /* B_topbar.mm */ = {isa = PBXFileReference; explicitFileType = sourcecode.cpp.objcpp; fileEncoding = 4; name = B_topbar.mm; path = src/B_GUI/B_topbar.mm; sourceTree = SOURCE_ROOT; };
		6C8D682A20C349EC1D8CED33 /* A_osc_In.mm */ = {isa = PBXFileReference; explicitFileType = sourcecode.cpp.objcpp; fileEncoding = 4; name = A_osc_In.mm; path = src/O_OSC/A_osc_In.mm; sourceTree = SOURCE_ROOT; };
		76F2C022F1E8BD79868417C4 /* tinyxml.h */ = {isa = PBXFileReference; explicitFileType = sourcecode.c.h; fileEncoding = 4; name = tinyxml.h; path = ../../OpenFrameworks/v0.11.0_IOS/addons/ofxXmlSettings/libs/tinyxml.h; sourceTree = SOURCE_ROOT; };
		7972CD5872C491CD9CBA07C0 /* necessaryLib.h */ = {isa = PBXFileReference; explicitFileType = sourcecode.c.h; fileEncoding = 4; name = necessaryLib.h; path = ../../OpenFrameworks/v0.11.0_IOS/addons/ofxEtcTcpOsc/libs/EosSyncLib/include/necessaryLib.h; sourceTree = SOURCE_ROOT; };
		7F2FF2FAB9AE528EFAA4FC0D /* ofxEosOscMsg.h */ = {isa = PBXFileReference; explicitFileType = sourcecode.c.h; fileEncoding = 4; name = ofxEosOscMsg.h; path = ../../OpenFrameworks/v0.11.0_IOS/addons/ofxEtcTcpOsc/src/ofxEosOscMsg.h; sourceTree = SOURCE_ROOT; };
		7F9C61B43AF6AEE5965621FD /* EosOsc.h */ = {isa = PBXFileReference; explicitFileType = sourcecode.c.h; fileEncoding = 4; name = EosOsc.h; path = ../../OpenFrameworks/v0.11.0_IOS/addons/ofxEtcTcpOsc/libs/EosSyncLib/include/EosOsc.h; sourceTree = SOURCE_ROOT; };
		800D966D23EA9F0C7784791B /* B_encoderPage.mm */ = {isa = PBXFileReference; explicitFileType = sourcecode.cpp.objcpp; fileEncoding = 4; name = B_encoderPage.mm; path = src/B_GUI/B_encoderPage.mm; sourceTree = SOURCE_ROOT; };
		830F6E3226AA573DC65C5A57 /* ofxTCPSettings.h */ = {isa = PBXFileReference; explicitFileType = sourcecode.c.h; fileEncoding = 4; name = ofxTCPSettings.h; path = ../../OpenFrameworks/v0.11.0_IOS/addons/ofxNetwork/src/ofxTCPSettings.h; sourceTree = SOURCE_ROOT; };
		8531692B5B7E10BB906076CF /* OSCParser.h */ = {isa = PBXFileReference; explicitFileType = sourcecode.c.h; fileEncoding = 4; name = OSCParser.h; path = ../../OpenFrameworks/v0.11.0_IOS/addons/ofxEtcTcpOsc/libs/EosSyncLib/include/OSCParser.h; sourceTree = SOURCE_ROOT; };
		8597ADE367216AE6A17551C2 /* B_settingsPage.mm */ = {isa = PBXFileReference; explicitFileType = sourcecode.cpp.objcpp; fileEncoding = 4; name = B_settingsPage.mm; path = src/B_GUI/B_settingsPage.mm; sourceTree = SOURCE_ROOT; };
		85ED3E2745DDDE9E9142BCFD /* D_button.mm */ = {isa = PBXFileReference; explicitFileType = sourcecode.cpp.objcpp; fileEncoding = 4; name = D_button.mm; path = src/D_BUTTON/D_button.mm; sourceTree = SOURCE_ROOT; };
		862E249EDB98314485F41FB8 /* ofxUDPManager.cpp */ = {isa = PBXFileReference; explicitFileType = sourcecode.cpp.cpp; fileEncoding = 4; name = ofxUDPManager.cpp; path = ../../OpenFrameworks/v0.11.0_IOS/addons/ofxNetwork/src/ofxUDPManager.cpp; sourceTree = SOURCE_ROOT; };
		8AB4E9AD514D1AC68DB38893 /* EosUdp.h */ = {isa = PBXFileReference; explicitFileType = sourcecode.c.h; fileEncoding = 4; name = EosUdp.h; path = ../../OpenFrameworks/v0.11.0_IOS/addons/ofxEtcTcpOsc/libs/EosSyncLib/include/EosUdp.h; sourceTree = SOURCE_ROOT; };
		901808BF2053636F004A7774 /* GLKit.framework */ = {isa = PBXFileReference; lastKnownFileType = wrapper.framework; name = GLKit.framework; path = System/Library/Frameworks/GLKit.framework; sourceTree = SDKROOT; };
		9393CF00635663494B9E1756 /* A_utility.mm */ = {isa = PBXFileReference; explicitFileType = sourcecode.cpp.objcpp; fileEncoding = 4; name = A_utility.mm; path = src/A_MAIN/A_utility.mm; sourceTree = SOURCE_ROOT; };
		9936F60F1BFA4DEE00891288 /* Images.xcassets */ = {isa = PBXFileReference; lastKnownFileType = folder.assetcatalog; path = Images.xcassets; sourceTree = "<group>"; };
		9936F6111BFA65F100891288 /* LaunchScreen.storyboard */ = {isa = PBXFileReference; fileEncoding = 4; lastKnownFileType = file.storyboard; path = LaunchScreen.storyboard; sourceTree = "<group>"; };
		9969E7551C782C4500DEF0F6 /* CoreMotion.framework */ = {isa = PBXFileReference; lastKnownFileType = wrapper.framework; name = CoreMotion.framework; path = System/Library/Frameworks/CoreMotion.framework; sourceTree = SDKROOT; };
		99C73447A868904A5D281326 /* B_directSelectPage.mm */ = {isa = PBXFileReference; explicitFileType = sourcecode.cpp.objcpp; fileEncoding = 4; name = B_directSelectPage.mm; path = src/B_GUI/B_directSelectPage.mm; sourceTree = SOURCE_ROOT; };
		99F89B0E5343FC7A1A1ADCB1 /* EosTcp.cpp */ = {isa = PBXFileReference; explicitFileType = sourcecode.cpp.cpp; fileEncoding = 4; name = EosTcp.cpp; path = ../../OpenFrameworks/v0.11.0_IOS/addons/ofxEtcTcpOsc/libs/EosSyncLib/src/EosTcp.cpp; sourceTree = SOURCE_ROOT; };
		9EF6768D8BCE94BC5F04813F /* EosUdp_Mac.cpp */ = {isa = PBXFileReference; explicitFileType = sourcecode.cpp.cpp; fileEncoding = 4; name = EosUdp_Mac.cpp; path = ../../OpenFrameworks/v0.11.0_IOS/addons/ofxEtcTcpOsc/libs/EosSyncLib/src/EosUdp_Mac.cpp; sourceTree = SOURCE_ROOT; };
		A91185ACF7EEBC858CD2E7AF /* EosSyncLib.cpp */ = {isa = PBXFileReference; explicitFileType = sourcecode.cpp.cpp; fileEncoding = 4; name = EosSyncLib.cpp; path = ../../OpenFrameworks/v0.11.0_IOS/addons/ofxEtcTcpOsc/libs/EosSyncLib/src/EosSyncLib.cpp; sourceTree = SOURCE_ROOT; };
		A9F52505206AE3D7C7784917 /* B_shutterPage.mm */ = {isa = PBXFileReference; explicitFileType = sourcecode.cpp.objcpp; fileEncoding = 4; name = B_shutterPage.mm; path = src/B_GUI/B_shutterPage.mm; sourceTree = SOURCE_ROOT; };
		AB8A44955139670BD49EF55D /* C_keyboard.mm */ = {isa = PBXFileReference; explicitFileType = sourcecode.cpp.objcpp; fileEncoding = 4; name = C_keyboard.mm; path = src/C_KEYBOARD/C_keyboard.mm; sourceTree = SOURCE_ROOT; };
		B094CB7B81BD45A76287D678 /* EosLog.cpp */ = {isa = PBXFileReference; explicitFileType = sourcecode.cpp.cpp; fileEncoding = 4; name = EosLog.cpp; path = ../../OpenFrameworks/v0.11.0_IOS/addons/ofxEtcTcpOsc/libs/EosSyncLib/src/EosLog.cpp; sourceTree = SOURCE_ROOT; };
		B396E04A19DA2B315A6C0CD7 /* EosSyncLib.h */ = {isa = PBXFileReference; explicitFileType = sourcecode.c.h; fileEncoding = 4; name = EosSyncLib.h; path = ../../OpenFrameworks/v0.11.0_IOS/addons/ofxEtcTcpOsc/libs/EosSyncLib/include/EosSyncLib.h; sourceTree = SOURCE_ROOT; };
		B705C3964A5506AAC5858C03 /* ofxXmlSettings.h */ = {isa = PBXFileReference; explicitFileType = sourcecode.c.h; fileEncoding = 4; name = ofxXmlSettings.h; path = ../../OpenFrameworks/v0.11.0_IOS/addons/ofxXmlSettings/src/ofxXmlSettings.h; sourceTree = SOURCE_ROOT; };
		B73A18F224EF2C3400A74C61 /* README.md */ = {isa = PBXFileReference; fileEncoding = 4; lastKnownFileType = net.daringfireball.markdown; path = README.md; sourceTree = SOURCE_ROOT; };
		B73A18F424EF3CE600A74C61 /* B_imagePage.mm */ = {isa = PBXFileReference; fileEncoding = 4; lastKnownFileType = sourcecode.cpp.objcpp; name = B_imagePage.mm; path = B_GUI/B_imagePage.mm; sourceTree = "<group>"; };
		B7EEEB0124EF098300062D20 /* Metal.framework */ = {isa = PBXFileReference; lastKnownFileType = wrapper.framework; name = Metal.framework; path = System/Library/Frameworks/Metal.framework; sourceTree = SDKROOT; };
		B7EEEB0324EF098900062D20 /* MetalKit.framework */ = {isa = PBXFileReference; lastKnownFileType = wrapper.framework; name = MetalKit.framework; path = System/Library/Frameworks/MetalKit.framework; sourceTree = SDKROOT; };
		BB16EBD10F2B2A9500518274 /* OpenGLES.framework */ = {isa = PBXFileReference; lastKnownFileType = wrapper.framework; name = OpenGLES.framework; path = System/Library/Frameworks/OpenGLES.framework; sourceTree = SDKROOT; };
		BB16EBD80F2B2AB500518274 /* QuartzCore.framework */ = {isa = PBXFileReference; lastKnownFileType = wrapper.framework; name = QuartzCore.framework; path = System/Library/Frameworks/QuartzCore.framework; sourceTree = SDKROOT; };
		BB24DDC910DA781C00E9C588 /* ofxiOS-Info.plist */ = {isa = PBXFileReference; fileEncoding = 4; lastKnownFileType = text.plist.xml; path = "ofxiOS-Info.plist"; sourceTree = "<group>"; };
		BBE5EAB70F49AD8400F28951 /* AudioToolbox.framework */ = {isa = PBXFileReference; lastKnownFileType = wrapper.framework; name = AudioToolbox.framework; path = System/Library/Frameworks/AudioToolbox.framework; sourceTree = SDKROOT; };
		C1101A6EC957CA6F1217D8C2 /* EosTcp_Mac.cpp */ = {isa = PBXFileReference; explicitFileType = sourcecode.cpp.cpp; fileEncoding = 4; name = EosTcp_Mac.cpp; path = ../../OpenFrameworks/v0.11.0_IOS/addons/ofxEtcTcpOsc/libs/EosSyncLib/src/EosTcp_Mac.cpp; sourceTree = SOURCE_ROOT; };
		C252BED9124115F26C0C8B70 /* E_shutterHandles.mm */ = {isa = PBXFileReference; explicitFileType = sourcecode.cpp.objcpp; fileEncoding = 4; name = E_shutterHandles.mm; path = src/E_SHUTTERS/E_shutterHandles.mm; sourceTree = SOURCE_ROOT; };
		C433A4A266B3CED27706AB90 /* D_button.h */ = {isa = PBXFileReference; explicitFileType = sourcecode.c.h; fileEncoding = 4; name = D_button.h; path = src/D_BUTTON/D_button.h; sourceTree = SOURCE_ROOT; };
		C70D81551ADBAA2F6DBC1401 /* EosUdp_Mac.h */ = {isa = PBXFileReference; explicitFileType = sourcecode.c.h; fileEncoding = 4; name = EosUdp_Mac.h; path = ../../OpenFrameworks/v0.11.0_IOS/addons/ofxEtcTcpOsc/libs/EosSyncLib/include/EosUdp_Mac.h; sourceTree = SOURCE_ROOT; };
		C7381AB201D0BC40BF9F7F72 /* A_osc_out.mm */ = {isa = PBXFileReference; explicitFileType = sourcecode.cpp.objcpp; fileEncoding = 4; name = A_osc_out.mm; path = src/O_OSC/A_osc_out.mm; sourceTree = SOURCE_ROOT; };
		C8C2536FEE8C93917EB42B5E /* EosUdp.cpp */ = {isa = PBXFileReference; explicitFileType = sourcecode.cpp.cpp; fileEncoding = 4; name = EosUdp.cpp; path = ../../OpenFrameworks/v0.11.0_IOS/addons/ofxEtcTcpOsc/libs/EosSyncLib/src/EosUdp.cpp; sourceTree = SOURCE_ROOT; };
		CC3D230AD14F00ACD7B695E5 /* tinyxmlerror.cpp */ = {isa = PBXFileReference; explicitFileType = sourcecode.cpp.cpp; fileEncoding = 4; name = tinyxmlerror.cpp; path = ../../OpenFrameworks/v0.11.0_IOS/addons/ofxXmlSettings/libs/tinyxmlerror.cpp; sourceTree = SOURCE_ROOT; };
		CCBAE1CED33117A7DC7D107C /* A_ofApp.h */ = {isa = PBXFileReference; explicitFileType = sourcecode.c.h; fileEncoding = 4; name = A_ofApp.h; path = src/A_MAIN/A_ofApp.h; sourceTree = SOURCE_ROOT; };
		CD4C54E1D1DF33A1676C93BA /* ofxEosOscMsg.cpp */ = {isa = PBXFileReference; explicitFileType = sourcecode.cpp.cpp; fileEncoding = 4; name = ofxEosOscMsg.cpp; path = ../../OpenFrameworks/v0.11.0_IOS/addons/ofxEtcTcpOsc/src/ofxEosOscMsg.cpp; sourceTree = SOURCE_ROOT; };
		D44A201904C8DAB4AD923AA8 /* ofxUDPSettings.h */ = {isa = PBXFileReference; explicitFileType = sourcecode.c.h; fileEncoding = 4; name = ofxUDPSettings.h; path = ../../OpenFrameworks/v0.11.0_IOS/addons/ofxNetwork/src/ofxUDPSettings.h; sourceTree = SOURCE_ROOT; };
		D7C91BE126B55E062CC45EB0 /* ofxTCPClient.cpp */ = {isa = PBXFileReference; explicitFileType = sourcecode.cpp.cpp; fileEncoding = 4; name = ofxTCPClient.cpp; path = ../../OpenFrameworks/v0.11.0_IOS/addons/ofxNetwork/src/ofxTCPClient.cpp; sourceTree = SOURCE_ROOT; };
		DB97082514C144FD2FC903C1 /* EosTcp.h */ = {isa = PBXFileReference; explicitFileType = sourcecode.c.h; fileEncoding = 4; name = EosTcp.h; path = ../../OpenFrameworks/v0.11.0_IOS/addons/ofxEtcTcpOsc/libs/EosSyncLib/include/EosTcp.h; sourceTree = SOURCE_ROOT; };
		DBD9AD9D5F224E22BA7403A8 /* ofxEosSync.h */ = {isa = PBXFileReference; explicitFileType = sourcecode.c.h; fileEncoding = 4; name = ofxEosSync.h; path = ../../OpenFrameworks/v0.11.0_IOS/addons/ofxEtcTcpOsc/src/ofxEosSync.h; sourceTree = SOURCE_ROOT; };
		DEC97B7754F8168E73081EA5 /* ofxUDPManager.h */ = {isa = PBXFileReference; explicitFileType = sourcecode.c.h; fileEncoding = 4; name = ofxUDPManager.h; path = ../../OpenFrameworks/v0.11.0_IOS/addons/ofxNetwork/src/ofxUDPManager.h; sourceTree = SOURCE_ROOT; };
		DF3D8F1BBE94E1E01AB4D6A9 /* ofxXmlSettings.cpp */ = {isa = PBXFileReference; explicitFileType = sourcecode.cpp.cpp; fileEncoding = 4; name = ofxXmlSettings.cpp; path = ../../OpenFrameworks/v0.11.0_IOS/addons/ofxXmlSettings/src/ofxXmlSettings.cpp; sourceTree = SOURCE_ROOT; };
		E41D3ED613B38FB500A75A5D /* Project.xcconfig */ = {isa = PBXFileReference; fileEncoding = 4; lastKnownFileType = text.xcconfig; path = Project.xcconfig; sourceTree = "<group>"; };
		E41D3EE513B3906D00A75A5D /* CoreOF.xcconfig */ = {isa = PBXFileReference; fileEncoding = 4; lastKnownFileType = text.xcconfig; name = CoreOF.xcconfig; path = ../../OpenFrameworks/v0.11.0_IOS/libs/openFrameworksCompiled/project/ios/CoreOF.xcconfig; sourceTree = SOURCE_ROOT; };
		E41D400613B39D2100A75A5D /* AVFoundation.framework */ = {isa = PBXFileReference; lastKnownFileType = wrapper.framework; name = AVFoundation.framework; path = System/Library/Frameworks/AVFoundation.framework; sourceTree = SDKROOT; };
		E41D400713B39D2100A75A5D /* CoreMedia.framework */ = {isa = PBXFileReference; lastKnownFileType = wrapper.framework; name = CoreMedia.framework; path = System/Library/Frameworks/CoreMedia.framework; sourceTree = SDKROOT; };
		E41D400813B39D2100A75A5D /* CoreVideo.framework */ = {isa = PBXFileReference; lastKnownFileType = wrapper.framework; name = CoreVideo.framework; path = System/Library/Frameworks/CoreVideo.framework; sourceTree = SDKROOT; };
		E41D400913B39D2100A75A5D /* MapKit.framework */ = {isa = PBXFileReference; lastKnownFileType = wrapper.framework; name = MapKit.framework; path = System/Library/Frameworks/MapKit.framework; sourceTree = SDKROOT; };
		E41D40FD13B3A0D800A75A5D /* iOS+OFLib.xcodeproj */ = {isa = PBXFileReference; lastKnownFileType = "wrapper.pb-project"; name = "iOS+OFLib.xcodeproj"; path = "../../OpenFrameworks/v0.11.0_IOS/libs/openFrameworksCompiled/project/ios/iOS+OFLib.xcodeproj"; sourceTree = SOURCE_ROOT; };
		E4A823A312561BE3002F86A2 /* CoreGraphics.framework */ = {isa = PBXFileReference; lastKnownFileType = wrapper.framework; name = CoreGraphics.framework; path = System/Library/Frameworks/CoreGraphics.framework; sourceTree = SDKROOT; };
		E4D8936B11527B74007E1F53 /* main.mm */ = {isa = PBXFileReference; fileEncoding = 4; lastKnownFileType = sourcecode.cpp.objcpp; name = main.mm; path = src/main.mm; sourceTree = SOURCE_ROOT; };
		E5134562E594CA13E785CFAA /* ofxNetworkUtils.cpp */ = {isa = PBXFileReference; explicitFileType = sourcecode.cpp.cpp; fileEncoding = 4; name = ofxNetworkUtils.cpp; path = ../../OpenFrameworks/v0.11.0_IOS/addons/ofxNetwork/src/ofxNetworkUtils.cpp; sourceTree = SOURCE_ROOT; };
		E646038EB5AF93C4D10CF096 /* ofxEosSync.cpp */ = {isa = PBXFileReference; explicitFileType = sourcecode.cpp.cpp; fileEncoding = 4; name = ofxEosSync.cpp; path = ../../OpenFrameworks/v0.11.0_IOS/addons/ofxEtcTcpOsc/src/ofxEosSync.cpp; sourceTree = SOURCE_ROOT; };
		F85B9E473ACA049FAD60BB89 /* EosTimer.h */ = {isa = PBXFileReference; explicitFileType = sourcecode.c.h; fileEncoding = 4; name = EosTimer.h; path = ../../OpenFrameworks/v0.11.0_IOS/addons/ofxEtcTcpOsc/libs/EosSyncLib/include/EosTimer.h; sourceTree = SOURCE_ROOT; };
/* End PBXFileReference section */

/* Begin PBXFrameworksBuildPhase section */
		1D60588F0D05DD3D006BFB54 /* Frameworks */ = {
			isa = PBXFrameworksBuildPhase;
			buildActionMask = 2147483647;
			files = (
				9969E7561C782C4500DEF0F6 /* CoreMotion.framework in Frameworks */,
				1D60589F0D05DD5A006BFB54 /* Foundation.framework in Frameworks */,
				1DF5F4E00D08C38300B7A737 /* UIKit.framework in Frameworks */,
				288765FD0DF74451002DB57D /* CoreGraphics.framework in Frameworks */,
				BB16EBD90F2B2AB500518274 /* QuartzCore.framework in Frameworks */,
				BBE5EAB80F49AD8400F28951 /* AudioToolbox.framework in Frameworks */,
				53F323EB10A20EDB00E0DAE4 /* OpenAL.framework in Frameworks */,
				5326AEA810A23A0500278DE6 /* CoreLocation.framework in Frameworks */,
				B7EEEB0424EF098900062D20 /* MetalKit.framework in Frameworks */,
				E41D400B13B39D2100A75A5D /* AVFoundation.framework in Frameworks */,
				E41D400C13B39D2100A75A5D /* CoreMedia.framework in Frameworks */,
				E41D400D13B39D2100A75A5D /* CoreVideo.framework in Frameworks */,
				E41D400E13B39D2100A75A5D /* MapKit.framework in Frameworks */,
				B7EEEB0224EF098300062D20 /* Metal.framework in Frameworks */,
				67DFA53619F92A69003B3434 /* Accelerate.framework in Frameworks */,
			);
			runOnlyForDeploymentPostprocessing = 0;
		};
/* End PBXFrameworksBuildPhase section */

/* Begin PBXGroup section */
		18240ECCE4076FB0833A8578 /* ofxNetwork */ = {
			isa = PBXGroup;
			children = (
				219374A14594D121F27FED3A /* src */,
			);
			name = ofxNetwork;
			sourceTree = "<group>";
		};
		19C28FACFE9D520D11CA2CBB /* Products */ = {
			isa = PBXGroup;
			children = (
				1D6058910D05DD3D006BFB54 /* Shutter Cut OSC.app */,
			);
			name = Products;
			sourceTree = "<group>";
		};
		1EE32E50950B5E331F3D4F2C /* ofxEtcTcpOsc */ = {
			isa = PBXGroup;
			children = (
				81FC4858BE1D973739228A08 /* libs */,
				5D395A94A979A22CAB68A7D6 /* src */,
			);
			name = ofxEtcTcpOsc;
			sourceTree = "<group>";
		};
		1F4FB5C423662B96ADFDCC0B /* ofxXmlSettings */ = {
			isa = PBXGroup;
			children = (
				6E54289412D2D94F45A05113 /* libs */,
				6ECEF0D76BC33727823EADFF /* src */,
			);
			name = ofxXmlSettings;
			sourceTree = "<group>";
		};
		219374A14594D121F27FED3A /* src */ = {
			isa = PBXGroup;
			children = (
				251D8EC9E0546A63D9E83A47 /* ofxNetwork.h */,
				E5134562E594CA13E785CFAA /* ofxNetworkUtils.cpp */,
				5DD55A2B4281B835AB489430 /* ofxNetworkUtils.h */,
				D7C91BE126B55E062CC45EB0 /* ofxTCPClient.cpp */,
				49DB05300EDD9223BDCC58B3 /* ofxTCPClient.h */,
				2AF0990F723601D26E036DFA /* ofxTCPManager.cpp */,
				61B28EBDBECBF302D1F5DB23 /* ofxTCPManager.h */,
				1D58208086BCE49D28AD5759 /* ofxTCPServer.cpp */,
				6A7C0D74505EAF9FFFE9A51F /* ofxTCPServer.h */,
				830F6E3226AA573DC65C5A57 /* ofxTCPSettings.h */,
				862E249EDB98314485F41FB8 /* ofxUDPManager.cpp */,
				DEC97B7754F8168E73081EA5 /* ofxUDPManager.h */,
				D44A201904C8DAB4AD923AA8 /* ofxUDPSettings.h */,
			);
			name = src;
			sourceTree = "<group>";
		};
		29B97314FDCFA39411CA2CEA /* CustomTemplate */ = {
			isa = PBXGroup;
			children = (
				9936F60E1BFA4DEE00891288 /* mediaAssets */,
				E4D8936A11527B74007E1F53 /* src */,
				BB24E1F710DAA51900E9C588 /* openFrameworks */,
				BB16F26B0F2B646B00518274 /* addons */,
				BB16E9930F2B1E5900518274 /* libs */,
				19C28FACFE9D520D11CA2CBB /* Products */,
				901808C02053638E004A7774 /* Frameworks */,
			);
			name = CustomTemplate;
			sourceTree = "<group>";
		};
		29B97323FDCFA39411CA2CEA /* core frameworks */ = {
			isa = PBXGroup;
			children = (
				67DFA53419F92A5E003B3434 /* Accelerate.framework */,
				901808BF2053636F004A7774 /* GLKit.framework */,
				BBE5EAB70F49AD8400F28951 /* AudioToolbox.framework */,
				E41D400613B39D2100A75A5D /* AVFoundation.framework */,
				E4A823A312561BE3002F86A2 /* CoreGraphics.framework */,
				5326AEA710A23A0500278DE6 /* CoreLocation.framework */,
				E41D400713B39D2100A75A5D /* CoreMedia.framework */,
				9969E7551C782C4500DEF0F6 /* CoreMotion.framework */,
				E41D400813B39D2100A75A5D /* CoreVideo.framework */,
				1D30AB110D05D00D00671497 /* Foundation.framework */,
				E41D400913B39D2100A75A5D /* MapKit.framework */,
				53F323EA10A20EDB00E0DAE4 /* OpenAL.framework */,
				BB16EBD10F2B2A9500518274 /* OpenGLES.framework */,
				BB16EBD80F2B2AB500518274 /* QuartzCore.framework */,
				1DF5F4DF0D08C38300B7A737 /* UIKit.framework */,
				288765FC0DF74451002DB57D /* CoreGraphics.framework */,
			);
			name = "core frameworks";
			sourceTree = "<group>";
		};
		34E369C004657A9715847349 /* src */ = {
			isa = PBXGroup;
			children = (
				B094CB7B81BD45A76287D678 /* EosLog.cpp */,
				6236E2FA909BF7D9C00D5A19 /* EosOsc.cpp */,
				A91185ACF7EEBC858CD2E7AF /* EosSyncLib.cpp */,
				99F89B0E5343FC7A1A1ADCB1 /* EosTcp.cpp */,
				C1101A6EC957CA6F1217D8C2 /* EosTcp_Mac.cpp */,
				27A141CEE1DD6CE535EF23C3 /* EosTimer.cpp */,
				C8C2536FEE8C93917EB42B5E /* EosUdp.cpp */,
				9EF6768D8BCE94BC5F04813F /* EosUdp_Mac.cpp */,
				2FE02720365B094027724A4A /* OSCParser.cpp */,
			);
			name = src;
			sourceTree = "<group>";
		};
		476B95D73E45AEFA6F67915E /* 0_Globals */ = {
			isa = PBXGroup;
			children = (
				5C947D7007F97F7668FB3100 /* A0_globals.h */,
				4D374B61CCF9AD7C9A835ECE /* A_style.mm */,
			);
			name = 0_Globals;
			sourceTree = "<group>";
		};
		4E9C6BFADA958C5203267AC2 /* B_GUI */ = {
			isa = PBXGroup;
			children = (
				6BA9B32280F7667754A48C97 /* B_topbar.mm */,
				A9F52505206AE3D7C7784917 /* B_shutterPage.mm */,
				2F482A352B13D096C62BF6EE /* B_panTiltPage.mm */,
				800D966D23EA9F0C7784791B /* B_encoderPage.mm */,
				B73A18F424EF3CE600A74C61 /* B_imagePage.mm */,
				99C73447A868904A5D281326 /* B_directSelectPage.mm */,
				8597ADE367216AE6A17551C2 /* B_settingsPage.mm */,
			);
			name = B_GUI;
			sourceTree = "<group>";
		};
		5D395A94A979A22CAB68A7D6 /* src */ = {
			isa = PBXGroup;
			children = (
				CD4C54E1D1DF33A1676C93BA /* ofxEosOscMsg.cpp */,
				7F2FF2FAB9AE528EFAA4FC0D /* ofxEosOscMsg.h */,
				E646038EB5AF93C4D10CF096 /* ofxEosSync.cpp */,
				DBD9AD9D5F224E22BA7403A8 /* ofxEosSync.h */,
			);
			name = src;
			sourceTree = "<group>";
		};
		68E8BACF615FE6D56333FF76 /* E_SHUTTERS */ = {
			isa = PBXGroup;
			children = (
				C252BED9124115F26C0C8B70 /* E_shutterHandles.mm */,
				64A80C9BFB845462EA5FB047 /* E_shutterHandles.h */,
				27B58CE3215416B8D237501A /* E_shutterButtons.h */,
			);
			name = E_SHUTTERS;
			sourceTree = "<group>";
		};
		6948EE371B920CB800B5AC1A /* local_addons */ = {
			isa = PBXGroup;
			children = (
			);
			name = local_addons;
			sourceTree = "<group>";
		};
		6E54289412D2D94F45A05113 /* libs */ = {
			isa = PBXGroup;
			children = (
				4DC25AF659AA424DD84AC077 /* tinyxml.cpp */,
				76F2C022F1E8BD79868417C4 /* tinyxml.h */,
				CC3D230AD14F00ACD7B695E5 /* tinyxmlerror.cpp */,
				2CE34E8BE57474F1434A9629 /* tinyxmlparser.cpp */,
			);
			name = libs;
			sourceTree = "<group>";
		};
		6ECEF0D76BC33727823EADFF /* src */ = {
			isa = PBXGroup;
			children = (
				DF3D8F1BBE94E1E01AB4D6A9 /* ofxXmlSettings.cpp */,
				B705C3964A5506AAC5858C03 /* ofxXmlSettings.h */,
			);
			name = src;
			sourceTree = "<group>";
		};
		7C31A216066E8CEE3269BF15 /* D_BUTTON */ = {
			isa = PBXGroup;
			children = (
				0484D6DFB619B21F34809E57 /* D_bank.h */,
				6925EA105101873F4EA5D44B /* D_bank.mm */,
				5F5596496ED691DD1A90EB1C /* D_encoder.h */,
				010D69567EF2AD12D0092495 /* D_encoder.mm */,
				C433A4A266B3CED27706AB90 /* D_button.h */,
				85ED3E2745DDDE9E9142BCFD /* D_button.mm */,
			);
			name = D_BUTTON;
			sourceTree = "<group>";
		};
		81FC4858BE1D973739228A08 /* libs */ = {
			isa = PBXGroup;
			children = (
				C614AFF361355C59D591A4AD /* EosSyncLib */,
			);
			name = libs;
			sourceTree = "<group>";
		};
		901808C02053638E004A7774 /* Frameworks */ = {
			isa = PBXGroup;
			children = (
				B7EEEB0324EF098900062D20 /* MetalKit.framework */,
				B7EEEB0124EF098300062D20 /* Metal.framework */,
			);
			name = Frameworks;
			sourceTree = "<group>";
		};
		9936F60E1BFA4DEE00891288 /* mediaAssets */ = {
			isa = PBXGroup;
			children = (
				9936F6111BFA65F100891288 /* LaunchScreen.storyboard */,
				9936F60F1BFA4DEE00891288 /* Images.xcassets */,
			);
			path = mediaAssets;
			sourceTree = "<group>";
		};
		A0E6FC22ECB433C6F40E4BEA /* C_KEYBOARD */ = {
			isa = PBXGroup;
			children = (
				4C4A2F787ABB0964ABDB6C81 /* C_keyboard.h */,
				AB8A44955139670BD49EF55D /* C_keyboard.mm */,
			);
			name = C_KEYBOARD;
			sourceTree = "<group>";
		};
		B74429E8417AAED4A98A05F8 /* include */ = {
			isa = PBXGroup;
			children = (
				04625131F5EAA5E4D04AD644 /* EosLog.h */,
				7F9C61B43AF6AEE5965621FD /* EosOsc.h */,
				B396E04A19DA2B315A6C0CD7 /* EosSyncLib.h */,
				DB97082514C144FD2FC903C1 /* EosTcp.h */,
				266C4088CF973BBF10364BBE /* EosTcp_Mac.h */,
				F85B9E473ACA049FAD60BB89 /* EosTimer.h */,
				8AB4E9AD514D1AC68DB38893 /* EosUdp.h */,
				C70D81551ADBAA2F6DBC1401 /* EosUdp_Mac.h */,
				8531692B5B7E10BB906076CF /* OSCParser.h */,
				7972CD5872C491CD9CBA07C0 /* necessaryLib.h */,
			);
			name = include;
			sourceTree = "<group>";
		};
		BB16E9930F2B1E5900518274 /* libs */ = {
			isa = PBXGroup;
			children = (
				BBE5E94E0F497BD800F28951 /* core */,
			);
			name = libs;
			sourceTree = "<group>";
		};
		BB16F26B0F2B646B00518274 /* addons */ = {
			isa = PBXGroup;
			children = (
				1EE32E50950B5E331F3D4F2C /* ofxEtcTcpOsc */,
				18240ECCE4076FB0833A8578 /* ofxNetwork */,
				1F4FB5C423662B96ADFDCC0B /* ofxXmlSettings */,
			);
			name = addons;
			sourceTree = "<group>";
		};
		BB24E1F710DAA51900E9C588 /* openFrameworks */ = {
			isa = PBXGroup;
			children = (
				E41D40FD13B3A0D800A75A5D /* iOS+OFLib.xcodeproj */,
				32CA4F630368D1EE00C91783 /* ofxiOS_Prefix.pch */,
				BB24DDC910DA781C00E9C588 /* ofxiOS-Info.plist */,
				E41D3EE513B3906D00A75A5D /* CoreOF.xcconfig */,
				6948EE371B920CB800B5AC1A /* local_addons */,
				E41D3ED613B38FB500A75A5D /* Project.xcconfig */,
			);
			name = openFrameworks;
			sourceTree = "<group>";
		};
		BBE5E94E0F497BD800F28951 /* core */ = {
			isa = PBXGroup;
			children = (
				29B97323FDCFA39411CA2CEA /* core frameworks */,
			);
			name = core;
			sourceTree = "<group>";
		};
		C614AFF361355C59D591A4AD /* EosSyncLib */ = {
			isa = PBXGroup;
			children = (
				B74429E8417AAED4A98A05F8 /* include */,
				34E369C004657A9715847349 /* src */,
			);
			name = EosSyncLib;
			sourceTree = "<group>";
		};
		DF395FC95283836DF9DEF853 /* O_OSC */ = {
			isa = PBXGroup;
			children = (
				1A3EFBF3857E14C41106A982 /* A_osc_connection.mm */,
				C7381AB201D0BC40BF9F7F72 /* A_osc_out.mm */,
				6C8D682A20C349EC1D8CED33 /* A_osc_In.mm */,
			);
			name = O_OSC;
			sourceTree = "<group>";
		};
		E41D40FE13B3A0D800A75A5D /* Products */ = {
			isa = PBXGroup;
			children = (
				E41D410213B3A0D800A75A5D /* libofxiOS_iphoneos_Debug.a */,
			);
			name = Products;
			sourceTree = "<group>";
		};
		E4D8936A11527B74007E1F53 /* src */ = {
			isa = PBXGroup;
			children = (
				E4D8936B11527B74007E1F53 /* main.mm */,
				B73A18F224EF2C3400A74C61 /* README.md */,
				476B95D73E45AEFA6F67915E /* 0_Globals */,
				FBDB6EC143282803010D0E8A /* A_MAIN */,
				4E9C6BFADA958C5203267AC2 /* B_GUI */,
				A0E6FC22ECB433C6F40E4BEA /* C_KEYBOARD */,
				7C31A216066E8CEE3269BF15 /* D_BUTTON */,
				68E8BACF615FE6D56333FF76 /* E_SHUTTERS */,
				DF395FC95283836DF9DEF853 /* O_OSC */,
			);
			path = src;
			sourceTree = SOURCE_ROOT;
		};
		FBDB6EC143282803010D0E8A /* A_MAIN */ = {
			isa = PBXGroup;
			children = (
				CCBAE1CED33117A7DC7D107C /* A_ofApp.h */,
				5E353422425A9FFCD12CF74E /* A_ofApp.mm */,
				9393CF00635663494B9E1756 /* A_utility.mm */,
			);
			name = A_MAIN;
			sourceTree = "<group>";
		};
/* End PBXGroup section */

/* Begin PBXNativeTarget section */
		1D6058900D05DD3D006BFB54 /* Shutter Cut OSC */ = {
			isa = PBXNativeTarget;
			buildConfigurationList = 1D6058960D05DD3E006BFB54 /* Build configuration list for PBXNativeTarget "Shutter Cut OSC" */;
			buildPhases = (
				1D60588D0D05DD3D006BFB54 /* Resources */,
				1D60588E0D05DD3D006BFB54 /* Sources */,
				1D60588F0D05DD3D006BFB54 /* Frameworks */,
				9255DD331112741900D6945E /* ShellScript */,
			);
			buildRules = (
			);
			dependencies = (
				E41D410413B3A11300A75A5D /* PBXTargetDependency */,
			);
			name = "Shutter Cut OSC";
			productName = iPhone;
			productReference = 1D6058910D05DD3D006BFB54 /* Shutter Cut OSC.app */;
			productType = "com.apple.product-type.application";
		};
/* End PBXNativeTarget section */

/* Begin PBXProject section */
		29B97313FDCFA39411CA2CEA /* Project object */ = {
			isa = PBXProject;
			attributes = {
				LastUpgradeCheck = 1160;
				TargetAttributes = {
					1D6058900D05DD3D006BFB54 = {
						DevelopmentTeam = GWD8J5Y8YB;
					};
				};
			};
			buildConfigurationList = C01FCF4E08A954540054247B /* Build configuration list for PBXProject "ShuttR_OF" */;
			compatibilityVersion = "Xcode 3.2";
			developmentRegion = English;
			hasScannedForEncodings = 1;
			knownRegions = (
				English,
				Japanese,
				French,
				German,
			);
			mainGroup = 29B97314FDCFA39411CA2CEA /* CustomTemplate */;
			projectDirPath = "";
			projectReferences = (
				{
					ProductGroup = E41D40FE13B3A0D800A75A5D /* Products */;
					ProjectRef = E41D40FD13B3A0D800A75A5D /* iOS+OFLib.xcodeproj */;
				},
			);
			projectRoot = "";
			targets = (
				1D6058900D05DD3D006BFB54 /* Shutter Cut OSC */,
			);
		};
/* End PBXProject section */

/* Begin PBXReferenceProxy section */
		E41D410213B3A0D800A75A5D /* libofxiOS_iphoneos_Debug.a */ = {
			isa = PBXReferenceProxy;
			fileType = archive.ar;
			path = libofxiOS_iphoneos_Debug.a;
			remoteRef = E41D410113B3A0D800A75A5D /* PBXContainerItemProxy */;
			sourceTree = BUILT_PRODUCTS_DIR;
		};
/* End PBXReferenceProxy section */

/* Begin PBXResourcesBuildPhase section */
		1D60588D0D05DD3D006BFB54 /* Resources */ = {
			isa = PBXResourcesBuildPhase;
			buildActionMask = 2147483647;
			files = (
				B73A18F324EF2C3400A74C61 /* README.md in Resources */,
				9936F6101BFA4DEE00891288 /* Images.xcassets in Resources */,
				9936F6121BFA65F100891288 /* LaunchScreen.storyboard in Resources */,
			);
			runOnlyForDeploymentPostprocessing = 0;
		};
/* End PBXResourcesBuildPhase section */

/* Begin PBXShellScriptBuildPhase section */
		9255DD331112741900D6945E /* ShellScript */ = {
			isa = PBXShellScriptBuildPhase;
			buildActionMask = 2147483647;
			files = (
			);
			inputPaths = (
			);
			outputPaths = (
			);
			runOnlyForDeploymentPostprocessing = 0;
			shellPath = /bin/sh;
			shellScript = "rsync -avz --exclude='.DS_Store' \"${SRCROOT}/bin/data/\" \"${TARGET_BUILD_DIR}/${UNLOCALIZED_RESOURCES_FOLDER_PATH}\"";
		};
/* End PBXShellScriptBuildPhase section */

/* Begin PBXSourcesBuildPhase section */
		1D60588E0D05DD3D006BFB54 /* Sources */ = {
			isa = PBXSourcesBuildPhase;
			buildActionMask = 2147483647;
			files = (
				E4D8936E11527B74007E1F53 /* main.mm in Sources */,
				A652B8C8B9A327D67401C847 /* E_shutterHandles.mm in Sources */,
				F014194FED5BDAEB1C8360DC /* A_utility.mm in Sources */,
				0DE958A88392734A4E08CC3C /* A_ofApp.mm in Sources */,
				FAA1D577EFD2C63915092A18 /* A_style.mm in Sources */,
				B490433952DD772FE0CAA5F2 /* D_bank.mm in Sources */,
				C6CBE0E70E49C8A2DE62A09A /* D_encoder.mm in Sources */,
				8F3564A366BEC7654169DFCB /* D_button.mm in Sources */,
				4CE388AB67519EA11D3E6CAD /* A_osc_out.mm in Sources */,
				AEA2BE8D22DDBDC82404E880 /* A_osc_connection.mm in Sources */,
				C4A64ADDC3B0AD7FF672473A /* A_osc_In.mm in Sources */,
				5AEF6D83B3D140B97B8C23F4 /* C_keyboard.mm in Sources */,
				0DB844C3B7A3251D02533E9D /* B_shutterPage.mm in Sources */,
				CAD6015E57B0371A45A0396B /* B_panTiltPage.mm in Sources */,
				DFFBE626E2E29BC1925D3BF5 /* B_encoderPage.mm in Sources */,
				9FED873046E1AB0EC48E077B /* B_topbar.mm in Sources */,
				8F0BB1975CB77BC04BEA743E /* B_settingsPage.mm in Sources */,
				AA336672E80CBBFCAAD5CFC1 /* B_directSelectPage.mm in Sources */,
				AAACB8FDECB13FD0DE78318C /* EosLog.cpp in Sources */,
				79F9887B3A10E1FA2015F2F8 /* EosOsc.cpp in Sources */,
				131F1CB88600F8AE1A0C70C6 /* EosSyncLib.cpp in Sources */,
				001A9D528B28F3A8D1008BB6 /* EosTcp.cpp in Sources */,
				2424D604A97746C5BA814CAF /* EosTcp_Mac.cpp in Sources */,
				A4749E3C1C32FAAF210F283F /* EosTimer.cpp in Sources */,
				0AD96B876FC4F69F392753CC /* EosUdp.cpp in Sources */,
				8E57E2346BA4C4EC4CBB75C6 /* EosUdp_Mac.cpp in Sources */,
				DB14E7C3518042C21F7A6A3F /* OSCParser.cpp in Sources */,
				C438CCD58D705B0B06547E24 /* ofxEosOscMsg.cpp in Sources */,
				F27FCE2A2F815DBBBA3F1AE2 /* ofxEosSync.cpp in Sources */,
				E19A0560EFB10F2218498F33 /* ofxNetworkUtils.cpp in Sources */,
				EB21108D8C1B284A6FCBCE34 /* ofxTCPClient.cpp in Sources */,
				07F718B6394D832A70BE69EE /* ofxTCPManager.cpp in Sources */,
				F87D37FFAF66B9D4AB68FB32 /* ofxTCPServer.cpp in Sources */,
				A342715B475F0386C05B9C0B /* ofxUDPManager.cpp in Sources */,
				758F42B79CFB7DF1EBD6A0EC /* tinyxml.cpp in Sources */,
				EC8921C6969C6E5E2DF78835 /* tinyxmlerror.cpp in Sources */,
				B73A18F524EF3CE600A74C61 /* B_imagePage.mm in Sources */,
				0A66D4D0B483A5E52210F62A /* tinyxmlparser.cpp in Sources */,
				55CFC13EC55E35345488CA2F /* ofxXmlSettings.cpp in Sources */,
			);
			runOnlyForDeploymentPostprocessing = 0;
		};
/* End PBXSourcesBuildPhase section */

/* Begin PBXTargetDependency section */
		E41D410413B3A11300A75A5D /* PBXTargetDependency */ = {
			isa = PBXTargetDependency;
			name = "iPhone+OF Static Library";
			targetProxy = E41D410313B3A11300A75A5D /* PBXContainerItemProxy */;
		};
/* End PBXTargetDependency section */

/* Begin XCBuildConfiguration section */
		1D6058940D05DD3E006BFB54 /* Debug */ = {
			isa = XCBuildConfiguration;
			buildSettings = {
				ALWAYS_SEARCH_USER_PATHS = NO;
				ASSETCATALOG_COMPILER_APPICON_NAME = AppIcon;
				ASSETCATALOG_COMPILER_LAUNCHIMAGE_NAME = "Brand Assets";
				CLANG_ENABLE_OBJC_WEAK = YES;
				CURRENT_PROJECT_VERSION = 1;
				DEVELOPMENT_TEAM = GWD8J5Y8YB;
				FRAMEWORK_SEARCH_PATHS = (
					"$(inherited)",
					"$(PROJECT_DIR)",
				);
				GCC_PRECOMPILE_PREFIX_HEADER = YES;
				GCC_PREFIX_HEADER = ofxiOS_Prefix.pch;
				"GCC_WARN_64_TO_32_BIT_CONVERSION[arch=*64]" = NO;
				INFOPLIST_FILE = "ofxiOS-Info.plist";
				IPHONEOS_DEPLOYMENT_TARGET = 8.0;
				MARKETING_VERSION = 0.4;
				PRODUCT_BUNDLE_IDENTIFIER = com.tedcharlesbrown.shuttrcutosc;
				PRODUCT_NAME = "Shutter Cut OSC";
				TARGETED_DEVICE_FAMILY = 1;
				VALID_ARCHS = "$(ARCHS_STANDARD)";
			};
			name = Debug;
		};
		1D6058950D05DD3E006BFB54 /* Release */ = {
			isa = XCBuildConfiguration;
			buildSettings = {
				ASSETCATALOG_COMPILER_APPICON_NAME = AppIcon;
				ASSETCATALOG_COMPILER_LAUNCHIMAGE_NAME = "Brand Assets";
				CLANG_ENABLE_OBJC_WEAK = YES;
				CURRENT_PROJECT_VERSION = 1;
				DEVELOPMENT_TEAM = GWD8J5Y8YB;
				FRAMEWORK_SEARCH_PATHS = (
					"$(inherited)",
					"$(PROJECT_DIR)",
				);
				GCC_PRECOMPILE_PREFIX_HEADER = YES;
				GCC_PREFIX_HEADER = ofxiOS_Prefix.pch;
				"GCC_WARN_64_TO_32_BIT_CONVERSION[arch=*64]" = NO;
				INFOPLIST_FILE = "ofxiOS-Info.plist";
				IPHONEOS_DEPLOYMENT_TARGET = 8.0;
				MARKETING_VERSION = 0.4;
				PRODUCT_BUNDLE_IDENTIFIER = com.tedcharlesbrown.shuttrcutosc;
				PRODUCT_NAME = "Shutter Cut OSC";
				TARGETED_DEVICE_FAMILY = 1;
				VALID_ARCHS = "$(ARCHS_STANDARD)";
			};
			name = Release;
		};
		C01FCF4F08A954540054247B /* Debug */ = {
			isa = XCBuildConfiguration;
			baseConfigurationReference = E41D3ED613B38FB500A75A5D /* Project.xcconfig */;
			buildSettings = {
				ALWAYS_SEARCH_USER_PATHS = YES;
				CLANG_ANALYZER_LOCALIZABILITY_NONLOCALIZED = YES;
				CLANG_CXX_LIBRARY = "libc++";
				CLANG_WARN_BLOCK_CAPTURE_AUTORELEASING = YES;
				CLANG_WARN_BOOL_CONVERSION = YES;
				CLANG_WARN_COMMA = YES;
				CLANG_WARN_CONSTANT_CONVERSION = YES;
				CLANG_WARN_DEPRECATED_OBJC_IMPLEMENTATIONS = YES;
				CLANG_WARN_EMPTY_BODY = YES;
				CLANG_WARN_ENUM_CONVERSION = YES;
				CLANG_WARN_INFINITE_RECURSION = YES;
				CLANG_WARN_INT_CONVERSION = YES;
				CLANG_WARN_NON_LITERAL_NULL_CONVERSION = YES;
				CLANG_WARN_OBJC_IMPLICIT_RETAIN_SELF = YES;
				CLANG_WARN_OBJC_LITERAL_CONVERSION = YES;
				CLANG_WARN_RANGE_LOOP_ANALYSIS = YES;
				CLANG_WARN_STRICT_PROTOTYPES = YES;
				CLANG_WARN_SUSPICIOUS_MOVE = YES;
				CLANG_WARN_UNREACHABLE_CODE = YES;
				CLANG_WARN__DUPLICATE_METHOD_MATCH = YES;
				CODE_SIGN_IDENTITY = "";
				"CODE_SIGN_IDENTITY[sdk=iphoneos*]" = "iPhone Developer";
				"CODE_SIGN_IDENTITY[sdk=iphonesimulator*]" = "";
				COMPRESS_PNG_FILES = NO;
				ENABLE_STRICT_OBJC_MSGSEND = YES;
				ENABLE_TESTABILITY = YES;
				GCC_C_LANGUAGE_STANDARD = c11;
				GCC_NO_COMMON_BLOCKS = YES;
				GCC_OPTIMIZATION_LEVEL = 0;
				GCC_SYMBOLS_PRIVATE_EXTERN = NO;
				GCC_WARN_64_TO_32_BIT_CONVERSION = YES;
				"GCC_WARN_64_TO_32_BIT_CONVERSION[arch=*64]" = NO;
				GCC_WARN_ABOUT_INVALID_OFFSETOF_MACRO = NO;
				GCC_WARN_ABOUT_POINTER_SIGNEDNESS = NO;
				GCC_WARN_ABOUT_RETURN_TYPE = YES;
				GCC_WARN_ALLOW_INCOMPLETE_PROTOCOL = NO;
				GCC_WARN_PROTOTYPE_CONVERSION = NO;
				GCC_WARN_UNDECLARED_SELECTOR = YES;
				GCC_WARN_UNINITIALIZED_AUTOS = YES;
				GCC_WARN_UNUSED_FUNCTION = YES;
				GCC_WARN_UNUSED_VARIABLE = YES;
				HEADER_SEARCH_PATHS = (
					"$(OF_CORE_HEADERS)",
					src,
					src/0_Globals,
					src/A_MAIN,
					src/B_GUI,
					src/C_KEYBOARD,
					src/D_BUTTON,
					src/E_SHUTTERS,
					src/O_OSC,
					../../OpenFrameworks/v0.11.0_IOS/addons/ofxEtcTcpOsc/libs,
					../../OpenFrameworks/v0.11.0_IOS/addons/ofxEtcTcpOsc/libs/EosSyncLib,
					../../OpenFrameworks/v0.11.0_IOS/addons/ofxEtcTcpOsc/libs/EosSyncLib/include,
					../../OpenFrameworks/v0.11.0_IOS/addons/ofxEtcTcpOsc/libs/EosSyncLib/src,
					../../OpenFrameworks/v0.11.0_IOS/addons/ofxEtcTcpOsc/src,
					../../OpenFrameworks/v0.11.0_IOS/addons/ofxNetwork/src,
					../../OpenFrameworks/v0.11.0_IOS/addons/ofxXmlSettings/libs,
					../../OpenFrameworks/v0.11.0_IOS/addons/ofxXmlSettings/src,
				);
				IPHONEOS_DEPLOYMENT_TARGET = 8.0;
				ONLY_ACTIVE_ARCH = YES;
				"PROVISIONING_PROFILE[sdk=iphoneos*]" = "";
				SDKROOT = iphoneos;
				TARGETED_DEVICE_FAMILY = 1;
				VALID_ARCHS = "$(ARCHS_STANDARD)";
				WARNING_LDFLAGS = "-no_arch_warnings";
			};
			name = Debug;
		};
		C01FCF5008A954540054247B /* Release */ = {
			isa = XCBuildConfiguration;
			baseConfigurationReference = E41D3ED613B38FB500A75A5D /* Project.xcconfig */;
			buildSettings = {
				ALWAYS_SEARCH_USER_PATHS = YES;
				CLANG_ANALYZER_LOCALIZABILITY_NONLOCALIZED = YES;
				CLANG_CXX_LIBRARY = "libc++";
				CLANG_WARN_BLOCK_CAPTURE_AUTORELEASING = YES;
				CLANG_WARN_BOOL_CONVERSION = YES;
				CLANG_WARN_COMMA = YES;
				CLANG_WARN_CONSTANT_CONVERSION = YES;
				CLANG_WARN_DEPRECATED_OBJC_IMPLEMENTATIONS = YES;
				CLANG_WARN_EMPTY_BODY = YES;
				CLANG_WARN_ENUM_CONVERSION = YES;
				CLANG_WARN_INFINITE_RECURSION = YES;
				CLANG_WARN_INT_CONVERSION = YES;
				CLANG_WARN_NON_LITERAL_NULL_CONVERSION = YES;
				CLANG_WARN_OBJC_IMPLICIT_RETAIN_SELF = YES;
				CLANG_WARN_OBJC_LITERAL_CONVERSION = YES;
				CLANG_WARN_RANGE_LOOP_ANALYSIS = YES;
				CLANG_WARN_STRICT_PROTOTYPES = YES;
				CLANG_WARN_SUSPICIOUS_MOVE = YES;
				CLANG_WARN_UNREACHABLE_CODE = YES;
				CLANG_WARN__DUPLICATE_METHOD_MATCH = YES;
				CODE_SIGN_IDENTITY = "";
				"CODE_SIGN_IDENTITY[sdk=iphoneos*]" = "iPhone Developer";
				"CODE_SIGN_IDENTITY[sdk=iphonesimulator*]" = "";
				COMPRESS_PNG_FILES = NO;
				ENABLE_STRICT_OBJC_MSGSEND = YES;
				GCC_C_LANGUAGE_STANDARD = c11;
				GCC_DYNAMIC_NO_PIC = NO;
				GCC_GENERATE_DEBUGGING_SYMBOLS = NO;
				GCC_NO_COMMON_BLOCKS = YES;
				GCC_OPTIMIZATION_LEVEL = s;
				GCC_SYMBOLS_PRIVATE_EXTERN = NO;
				GCC_THUMB_SUPPORT = NO;
				GCC_WARN_64_TO_32_BIT_CONVERSION = YES;
				"GCC_WARN_64_TO_32_BIT_CONVERSION[arch=*64]" = NO;
				GCC_WARN_ABOUT_RETURN_TYPE = YES;
				GCC_WARN_UNDECLARED_SELECTOR = YES;
				GCC_WARN_UNINITIALIZED_AUTOS = YES;
				GCC_WARN_UNUSED_FUNCTION = YES;
				GCC_WARN_UNUSED_VARIABLE = YES;
				HEADER_SEARCH_PATHS = (
					"$(OF_CORE_HEADERS)",
					src,
					src/0_Globals,
					src/A_MAIN,
					src/B_GUI,
					src/C_KEYBOARD,
					src/D_BUTTON,
					src/E_SHUTTERS,
					src/O_OSC,
					../../OpenFrameworks/v0.11.0_IOS/addons/ofxEtcTcpOsc/libs,
					../../OpenFrameworks/v0.11.0_IOS/addons/ofxEtcTcpOsc/libs/EosSyncLib,
					../../OpenFrameworks/v0.11.0_IOS/addons/ofxEtcTcpOsc/libs/EosSyncLib/include,
					../../OpenFrameworks/v0.11.0_IOS/addons/ofxEtcTcpOsc/libs/EosSyncLib/src,
					../../OpenFrameworks/v0.11.0_IOS/addons/ofxEtcTcpOsc/src,
					../../OpenFrameworks/v0.11.0_IOS/addons/ofxNetwork/src,
					../../OpenFrameworks/v0.11.0_IOS/addons/ofxXmlSettings/libs,
					../../OpenFrameworks/v0.11.0_IOS/addons/ofxXmlSettings/src,
				);
				IPHONEOS_DEPLOYMENT_TARGET = 8.0;
				ONLY_ACTIVE_ARCH = NO;
				SDKROOT = iphoneos;
				TARGETED_DEVICE_FAMILY = 1;
				VALID_ARCHS = "$(ARCHS_STANDARD)";
				WARNING_LDFLAGS = "-no_arch_warnings";
			};
			name = Release;
		};
/* End XCBuildConfiguration section */

/* Begin XCConfigurationList section */
		1D6058960D05DD3E006BFB54 /* Build configuration list for PBXNativeTarget "Shutter Cut OSC" */ = {
			isa = XCConfigurationList;
			buildConfigurations = (
				1D6058940D05DD3E006BFB54 /* Debug */,
				1D6058950D05DD3E006BFB54 /* Release */,
			);
			defaultConfigurationIsVisible = 0;
			defaultConfigurationName = Release;
		};
		C01FCF4E08A954540054247B /* Build configuration list for PBXProject "ShuttR_OF" */ = {
			isa = XCConfigurationList;
			buildConfigurations = (
				C01FCF4F08A954540054247B /* Debug */,
				C01FCF5008A954540054247B /* Release */,
			);
			defaultConfigurationIsVisible = 0;
			defaultConfigurationName = Release;
		};
/* End XCConfigurationList section */
	};
	rootObject = 29B97313FDCFA39411CA2CEA /* Project object */;
}
